// !$*UTF8*$!
{
	archiveVersion = 1;
	classes = {
	};
	objectVersion = 46;
	objects = {

/* Begin PBXBuildFile section */
		0ABEDDD52FC7A326DAE46456 /* Pods_Socka_Watch_Extension.framework in Frameworks */ = {isa = PBXBuildFile; fileRef = FD3F8925E211FA8CC3310143 /* Pods_Socka_Watch_Extension.framework */; };
		892E47ED223C193C00E64350 /* Data_pool.swift in Sources */ = {isa = PBXBuildFile; fileRef = 897BFE4D1EBA0D9C009C59F0 /* Data_pool.swift */; };
		892E47F0223D4F9000E64350 /* DataBaze.sqlite in Resources */ = {isa = PBXBuildFile; fileRef = 899CE12C21E1054E00F51F6D /* DataBaze.sqlite */; };
		892E47FB223D50F200E64350 /* DataBaze.xcdatamodeld in Sources */ = {isa = PBXBuildFile; fileRef = 892E47F9223D50F100E64350 /* DataBaze.xcdatamodeld */; };
		892E47FC223D50F200E64350 /* DataBaze.xcdatamodeld in Sources */ = {isa = PBXBuildFile; fileRef = 892E47F9223D50F100E64350 /* DataBaze.xcdatamodeld */; };
		892F530421A0DF070058CDFC /* Interface.storyboard in Resources */ = {isa = PBXBuildFile; fileRef = 892F530221A0DF070058CDFC /* Interface.storyboard */; };
		892F530621A0DF0B0058CDFC /* Assets.xcassets in Resources */ = {isa = PBXBuildFile; fileRef = 892F530521A0DF0B0058CDFC /* Assets.xcassets */; };
		892F530D21A0DF0B0058CDFC /* Socka_Watch Extension.appex in Embed App Extensions */ = {isa = PBXBuildFile; fileRef = 892F530C21A0DF0B0058CDFC /* Socka_Watch Extension.appex */; settings = {ATTRIBUTES = (RemoveHeadersOnCopy, ); }; };
		892F531221A0DF0B0058CDFC /* InterfaceController.swift in Sources */ = {isa = PBXBuildFile; fileRef = 892F531121A0DF0B0058CDFC /* InterfaceController.swift */; };
		892F531421A0DF0C0058CDFC /* ExtensionDelegate.swift in Sources */ = {isa = PBXBuildFile; fileRef = 892F531321A0DF0C0058CDFC /* ExtensionDelegate.swift */; };
		892F531621A0DF0C0058CDFC /* NotificationController.swift in Sources */ = {isa = PBXBuildFile; fileRef = 892F531521A0DF0C0058CDFC /* NotificationController.swift */; };
		892F531821A0DF0C0058CDFC /* ComplicationController.swift in Sources */ = {isa = PBXBuildFile; fileRef = 892F531721A0DF0C0058CDFC /* ComplicationController.swift */; };
		892F531A21A0DF0C0058CDFC /* Assets.xcassets in Resources */ = {isa = PBXBuildFile; fileRef = 892F531921A0DF0C0058CDFC /* Assets.xcassets */; };
		892F531F21A0DF0C0058CDFC /* Socka_Watch.app in Embed Watch Content */ = {isa = PBXBuildFile; fileRef = 892F530021A0DF070058CDFC /* Socka_Watch.app */; };
		893B14701EA125FA002E8F72 /* AppDelegate.swift in Sources */ = {isa = PBXBuildFile; fileRef = 893B146F1EA125FA002E8F72 /* AppDelegate.swift */; };
		893B14721EA125FA002E8F72 /* ViewController.swift in Sources */ = {isa = PBXBuildFile; fileRef = 893B14711EA125FA002E8F72 /* ViewController.swift */; };
		893B14751EA125FA002E8F72 /* Main.storyboard in Resources */ = {isa = PBXBuildFile; fileRef = 893B14731EA125FA002E8F72 /* Main.storyboard */; };
		893B147A1EA125FA002E8F72 /* LaunchScreen.storyboard in Resources */ = {isa = PBXBuildFile; fileRef = 893B14781EA125FA002E8F72 /* LaunchScreen.storyboard */; };
		893B149F1EA12658002E8F72 /* CoreLocation.framework in Frameworks */ = {isa = PBXBuildFile; fileRef = 893B149E1EA12658002E8F72 /* CoreLocation.framework */; };
		893BA9ED1EDF6CF6002B9932 /* UpgradeViewController.swift in Sources */ = {isa = PBXBuildFile; fileRef = 893BA9EC1EDF6CF6002B9932 /* UpgradeViewController.swift */; };
		8941677C21D255C50048047E /* Databaze.swift in Sources */ = {isa = PBXBuildFile; fileRef = 8941677B21D255C50048047E /* Databaze.swift */; };
		8941677E21D256F60048047E /* Lokace.swift in Sources */ = {isa = PBXBuildFile; fileRef = 8941677D21D256F60048047E /* Lokace.swift */; };
		8941678021D2E0270048047E /* downloadVC_W.swift in Sources */ = {isa = PBXBuildFile; fileRef = 8941677F21D2E0270048047E /* downloadVC_W.swift */; };
		89613A83223D52120015EF28 /* Lokace.swift in Sources */ = {isa = PBXBuildFile; fileRef = 8941677D21D256F60048047E /* Lokace.swift */; };
		89613A84223D53740015EF28 /* Databaze.swift in Sources */ = {isa = PBXBuildFile; fileRef = 8941677B21D255C50048047E /* Databaze.swift */; };
		896E89FC1F85A73A007F029E /* InfoViewController.swift in Sources */ = {isa = PBXBuildFile; fileRef = 896E89FB1F85A73A007F029E /* InfoViewController.swift */; };
		897BFE4E1EBA0D9C009C59F0 /* Data_pool.swift in Sources */ = {isa = PBXBuildFile; fileRef = 897BFE4D1EBA0D9C009C59F0 /* Data_pool.swift */; };
		8980EF5D1FA561A2003CE9E5 /* Assets.xcassets in Resources */ = {isa = PBXBuildFile; fileRef = 8980EF5C1FA561A1003CE9E5 /* Assets.xcassets */; };
		899CA19621CFBA35009F9DF0 /* MetroDataClass.swift in Sources */ = {isa = PBXBuildFile; fileRef = 89C3838921C366DB0070E276 /* MetroDataClass.swift */; };
		899CA19B21CFBAF9009F9DF0 /* SockaWatchBaseVC.swift in Sources */ = {isa = PBXBuildFile; fileRef = 899CA19A21CFBAF9009F9DF0 /* SockaWatchBaseVC.swift */; };
		899CE12D21E1054E00F51F6D /* DataBaze.sqlite in Resources */ = {isa = PBXBuildFile; fileRef = 899CE12C21E1054E00F51F6D /* DataBaze.sqlite */; };
		89AFC21F223BDF9200D7E207 /* Databaze_W.swift in Sources */ = {isa = PBXBuildFile; fileRef = 899CA1A021CFC71A009F9DF0 /* Databaze_W.swift */; };
		89AFC220223BDF9500D7E207 /* Lokace_W.swift in Sources */ = {isa = PBXBuildFile; fileRef = 899CA19C21CFC671009F9DF0 /* Lokace_W.swift */; };
		89C3838A21C366DB0070E276 /* MetroDataClass.swift in Sources */ = {isa = PBXBuildFile; fileRef = 89C3838921C366DB0070E276 /* MetroDataClass.swift */; };
		89C3838C21C36A9E0070E276 /* SockaBaseVC.swift in Sources */ = {isa = PBXBuildFile; fileRef = 89C3838B21C36A9E0070E276 /* SockaBaseVC.swift */; };
		9C1D9CEAEFB4AC3228B85CEE /* libPods-Socka Extension.a in Frameworks */ = {isa = PBXBuildFile; fileRef = EDF70C0D0D660B48A602B755 /* libPods-Socka Extension.a */; };
/* End PBXBuildFile section */

/* Begin PBXContainerItemProxy section */
		892F530E21A0DF0B0058CDFC /* PBXContainerItemProxy */ = {
			isa = PBXContainerItemProxy;
			containerPortal = 893B14641EA125FA002E8F72 /* Project object */;
			proxyType = 1;
			remoteGlobalIDString = 892F530B21A0DF0B0058CDFC;
			remoteInfo = "Socka Extension";
		};
		892F531D21A0DF0C0058CDFC /* PBXContainerItemProxy */ = {
			isa = PBXContainerItemProxy;
			containerPortal = 893B14641EA125FA002E8F72 /* Project object */;
			proxyType = 1;
			remoteGlobalIDString = 892F52FF21A0DF070058CDFC;
			remoteInfo = Socka;
		};
		893B14811EA125FA002E8F72 /* PBXContainerItemProxy */ = {
			isa = PBXContainerItemProxy;
			containerPortal = 893B14641EA125FA002E8F72 /* Project object */;
			proxyType = 1;
			remoteGlobalIDString = 893B146B1EA125FA002E8F72;
			remoteInfo = myLocation;
		};
		893B148C1EA125FA002E8F72 /* PBXContainerItemProxy */ = {
			isa = PBXContainerItemProxy;
			containerPortal = 893B14641EA125FA002E8F72 /* Project object */;
			proxyType = 1;
			remoteGlobalIDString = 893B146B1EA125FA002E8F72;
			remoteInfo = myLocation;
		};
/* End PBXContainerItemProxy section */

/* Begin PBXCopyFilesBuildPhase section */
		892F532521A0DF0C0058CDFC /* Embed App Extensions */ = {
			isa = PBXCopyFilesBuildPhase;
			buildActionMask = 2147483647;
			dstPath = "";
			dstSubfolderSpec = 13;
			files = (
				892F530D21A0DF0B0058CDFC /* Socka_Watch Extension.appex in Embed App Extensions */,
			);
			name = "Embed App Extensions";
			runOnlyForDeploymentPostprocessing = 0;
		};
		892F532721A0DF0C0058CDFC /* Embed Watch Content */ = {
			isa = PBXCopyFilesBuildPhase;
			buildActionMask = 2147483647;
			dstPath = "$(CONTENTS_FOLDER_PATH)/Watch";
			dstSubfolderSpec = 16;
			files = (
				892F531F21A0DF0C0058CDFC /* Socka_Watch.app in Embed Watch Content */,
			);
			name = "Embed Watch Content";
			runOnlyForDeploymentPostprocessing = 0;
		};
		89F298BC1EA27E4300AC1968 /* Embed Frameworks */ = {
			isa = PBXCopyFilesBuildPhase;
			buildActionMask = 2147483647;
			dstPath = "";
			dstSubfolderSpec = 10;
			files = (
			);
			name = "Embed Frameworks";
			runOnlyForDeploymentPostprocessing = 0;
		};
		89F298BD1EA27E8A00AC1968 /* Copy Files */ = {
			isa = PBXCopyFilesBuildPhase;
			buildActionMask = 2147483647;
			dstPath = "";
			dstSubfolderSpec = 7;
			files = (
			);
			name = "Copy Files";
			runOnlyForDeploymentPostprocessing = 0;
		};
/* End PBXCopyFilesBuildPhase section */

/* Begin PBXFileReference section */
		3C99B36C6C7295AB0C7E5C10 /* Pods-Socka_Watch Extension.debug.xcconfig */ = {isa = PBXFileReference; includeInIndex = 1; lastKnownFileType = text.xcconfig; name = "Pods-Socka_Watch Extension.debug.xcconfig"; path = "Pods/Target Support Files/Pods-Socka_Watch Extension/Pods-Socka_Watch Extension.debug.xcconfig"; sourceTree = "<group>"; };
		481793089E17EDB58FA103C2 /* Pods-Socka Extension.debug.xcconfig */ = {isa = PBXFileReference; includeInIndex = 1; lastKnownFileType = text.xcconfig; name = "Pods-Socka Extension.debug.xcconfig"; path = "Pods/Target Support Files/Pods-Socka Extension/Pods-Socka Extension.debug.xcconfig"; sourceTree = "<group>"; };
		80205256E9D98E46D8905018 /* Pods_Socka_Phone.framework */ = {isa = PBXFileReference; explicitFileType = wrapper.framework; includeInIndex = 0; path = Pods_Socka_Phone.framework; sourceTree = BUILT_PRODUCTS_DIR; };
		8586880F4FFBC4E22F169976 /* Pods-Socka_Watch Extension.release.xcconfig */ = {isa = PBXFileReference; includeInIndex = 1; lastKnownFileType = text.xcconfig; name = "Pods-Socka_Watch Extension.release.xcconfig"; path = "Pods/Target Support Files/Pods-Socka_Watch Extension/Pods-Socka_Watch Extension.release.xcconfig"; sourceTree = "<group>"; };
		892E47FA223D50F100E64350 /* DataFinal280417.xcdatamodel */ = {isa = PBXFileReference; lastKnownFileType = wrapper.xcdatamodel; path = DataFinal280417.xcdatamodel; sourceTree = "<group>"; };
		892F530021A0DF070058CDFC /* Socka_Watch.app */ = {isa = PBXFileReference; explicitFileType = wrapper.application; includeInIndex = 0; path = Socka_Watch.app; sourceTree = BUILT_PRODUCTS_DIR; };
		892F530321A0DF070058CDFC /* Base */ = {isa = PBXFileReference; lastKnownFileType = file.storyboard; name = Base; path = Base.lproj/Interface.storyboard; sourceTree = "<group>"; };
		892F530521A0DF0B0058CDFC /* Assets.xcassets */ = {isa = PBXFileReference; lastKnownFileType = folder.assetcatalog; path = Assets.xcassets; sourceTree = "<group>"; };
		892F530721A0DF0B0058CDFC /* Info.plist */ = {isa = PBXFileReference; lastKnownFileType = text.plist.xml; path = Info.plist; sourceTree = "<group>"; };
		892F530C21A0DF0B0058CDFC /* Socka_Watch Extension.appex */ = {isa = PBXFileReference; explicitFileType = "wrapper.app-extension"; includeInIndex = 0; path = "Socka_Watch Extension.appex"; sourceTree = BUILT_PRODUCTS_DIR; };
		892F531121A0DF0B0058CDFC /* InterfaceController.swift */ = {isa = PBXFileReference; lastKnownFileType = sourcecode.swift; path = InterfaceController.swift; sourceTree = "<group>"; };
		892F531321A0DF0C0058CDFC /* ExtensionDelegate.swift */ = {isa = PBXFileReference; lastKnownFileType = sourcecode.swift; path = ExtensionDelegate.swift; sourceTree = "<group>"; };
		892F531521A0DF0C0058CDFC /* NotificationController.swift */ = {isa = PBXFileReference; lastKnownFileType = sourcecode.swift; path = NotificationController.swift; sourceTree = "<group>"; };
		892F531721A0DF0C0058CDFC /* ComplicationController.swift */ = {isa = PBXFileReference; lastKnownFileType = sourcecode.swift; path = ComplicationController.swift; sourceTree = "<group>"; };
		892F531921A0DF0C0058CDFC /* Assets.xcassets */ = {isa = PBXFileReference; lastKnownFileType = folder.assetcatalog; path = Assets.xcassets; sourceTree = "<group>"; };
		892F531B21A0DF0C0058CDFC /* Info.plist */ = {isa = PBXFileReference; lastKnownFileType = text.plist.xml; path = Info.plist; sourceTree = "<group>"; };
		892F531C21A0DF0C0058CDFC /* PushNotificationPayload.apns */ = {isa = PBXFileReference; lastKnownFileType = text; path = PushNotificationPayload.apns; sourceTree = "<group>"; };
		893B146C1EA125FA002E8F72 /* Socka.app */ = {isa = PBXFileReference; explicitFileType = wrapper.application; includeInIndex = 0; path = Socka.app; sourceTree = BUILT_PRODUCTS_DIR; };
		893B146F1EA125FA002E8F72 /* AppDelegate.swift */ = {isa = PBXFileReference; lastKnownFileType = sourcecode.swift; path = AppDelegate.swift; sourceTree = "<group>"; };
		893B14711EA125FA002E8F72 /* ViewController.swift */ = {isa = PBXFileReference; lastKnownFileType = sourcecode.swift; path = ViewController.swift; sourceTree = "<group>"; };
		893B14741EA125FA002E8F72 /* Base */ = {isa = PBXFileReference; lastKnownFileType = file.storyboard; name = Base; path = Base.lproj/Main.storyboard; sourceTree = "<group>"; };
		893B14791EA125FA002E8F72 /* Base */ = {isa = PBXFileReference; lastKnownFileType = file.storyboard; name = Base; path = Base.lproj/LaunchScreen.storyboard; sourceTree = "<group>"; };
		893B147B1EA125FA002E8F72 /* Info.plist */ = {isa = PBXFileReference; lastKnownFileType = text.plist.xml; path = Info.plist; sourceTree = "<group>"; };
		893B14801EA125FA002E8F72 /* MHD APPTests.xctest */ = {isa = PBXFileReference; explicitFileType = wrapper.cfbundle; includeInIndex = 0; path = "MHD APPTests.xctest"; sourceTree = BUILT_PRODUCTS_DIR; };
		893B148B1EA125FA002E8F72 /* MHD APPUITests.xctest */ = {isa = PBXFileReference; explicitFileType = wrapper.cfbundle; includeInIndex = 0; path = "MHD APPUITests.xctest"; sourceTree = BUILT_PRODUCTS_DIR; };
		893B149E1EA12658002E8F72 /* CoreLocation.framework */ = {isa = PBXFileReference; lastKnownFileType = wrapper.framework; name = CoreLocation.framework; path = System/Library/Frameworks/CoreLocation.framework; sourceTree = SDKROOT; };
		893BA9EC1EDF6CF6002B9932 /* UpgradeViewController.swift */ = {isa = PBXFileReference; fileEncoding = 4; lastKnownFileType = sourcecode.swift; path = UpgradeViewController.swift; sourceTree = "<group>"; };
		8941677B21D255C50048047E /* Databaze.swift */ = {isa = PBXFileReference; lastKnownFileType = sourcecode.swift; path = Databaze.swift; sourceTree = "<group>"; };
		8941677D21D256F60048047E /* Lokace.swift */ = {isa = PBXFileReference; lastKnownFileType = sourcecode.swift; path = Lokace.swift; sourceTree = "<group>"; };
		8941677F21D2E0270048047E /* downloadVC_W.swift */ = {isa = PBXFileReference; lastKnownFileType = sourcecode.swift; path = downloadVC_W.swift; sourceTree = "<group>"; };
		896E89FB1F85A73A007F029E /* InfoViewController.swift */ = {isa = PBXFileReference; fileEncoding = 4; lastKnownFileType = sourcecode.swift; path = InfoViewController.swift; sourceTree = "<group>"; };
		897BFE4D1EBA0D9C009C59F0 /* Data_pool.swift */ = {isa = PBXFileReference; fileEncoding = 4; lastKnownFileType = sourcecode.swift; path = Data_pool.swift; sourceTree = "<group>"; };
		8980EF5C1FA561A1003CE9E5 /* Assets.xcassets */ = {isa = PBXFileReference; lastKnownFileType = folder.assetcatalog; path = Assets.xcassets; sourceTree = "<group>"; };
		899CA19A21CFBAF9009F9DF0 /* SockaWatchBaseVC.swift */ = {isa = PBXFileReference; lastKnownFileType = sourcecode.swift; path = SockaWatchBaseVC.swift; sourceTree = "<group>"; };
		899CA19C21CFC671009F9DF0 /* Lokace_W.swift */ = {isa = PBXFileReference; fileEncoding = 4; lastKnownFileType = sourcecode.swift; name = Lokace_W.swift; path = "Socka_Watch Extension/Lokace_W.swift"; sourceTree = SOURCE_ROOT; };
		899CA1A021CFC71A009F9DF0 /* Databaze_W.swift */ = {isa = PBXFileReference; fileEncoding = 4; lastKnownFileType = sourcecode.swift; name = Databaze_W.swift; path = "Socka_Watch Extension/Databaze_W.swift"; sourceTree = SOURCE_ROOT; };
		899CE12C21E1054E00F51F6D /* DataBaze.sqlite */ = {isa = PBXFileReference; lastKnownFileType = file; path = DataBaze.sqlite; sourceTree = "<group>"; };
		89C3838921C366DB0070E276 /* MetroDataClass.swift */ = {isa = PBXFileReference; lastKnownFileType = sourcecode.swift; path = MetroDataClass.swift; sourceTree = "<group>"; };
		89C3838B21C36A9E0070E276 /* SockaBaseVC.swift */ = {isa = PBXFileReference; lastKnownFileType = sourcecode.swift; path = SockaBaseVC.swift; sourceTree = "<group>"; };
		9F02EAD2B0B42CE59A876949 /* libPods-MHD APP.a */ = {isa = PBXFileReference; explicitFileType = archive.ar; includeInIndex = 0; path = "libPods-MHD APP.a"; sourceTree = BUILT_PRODUCTS_DIR; };
		AC8DA6115DCA3D0E396ABD8E /* Pods-MHD APP.release.xcconfig */ = {isa = PBXFileReference; includeInIndex = 1; lastKnownFileType = text.xcconfig; name = "Pods-MHD APP.release.xcconfig"; path = "Pods/Target Support Files/Pods-MHD APP/Pods-MHD APP.release.xcconfig"; sourceTree = "<group>"; };
		C30AA060E76DF00B527714D4 /* Pods-MHD APP.debug.xcconfig */ = {isa = PBXFileReference; includeInIndex = 1; lastKnownFileType = text.xcconfig; name = "Pods-MHD APP.debug.xcconfig"; path = "Pods/Target Support Files/Pods-MHD APP/Pods-MHD APP.debug.xcconfig"; sourceTree = "<group>"; };
		D552D31CDC65E80080E0D6C7 /* Pods-Socka Extension.release.xcconfig */ = {isa = PBXFileReference; includeInIndex = 1; lastKnownFileType = text.xcconfig; name = "Pods-Socka Extension.release.xcconfig"; path = "Pods/Target Support Files/Pods-Socka Extension/Pods-Socka Extension.release.xcconfig"; sourceTree = "<group>"; };
		EDF70C0D0D660B48A602B755 /* libPods-Socka Extension.a */ = {isa = PBXFileReference; explicitFileType = archive.ar; includeInIndex = 0; path = "libPods-Socka Extension.a"; sourceTree = BUILT_PRODUCTS_DIR; };
		FD3F8925E211FA8CC3310143 /* Pods_Socka_Watch_Extension.framework */ = {isa = PBXFileReference; explicitFileType = wrapper.framework; includeInIndex = 0; path = Pods_Socka_Watch_Extension.framework; sourceTree = BUILT_PRODUCTS_DIR; };
/* End PBXFileReference section */

/* Begin PBXFrameworksBuildPhase section */
		892F530921A0DF0B0058CDFC /* Frameworks */ = {
			isa = PBXFrameworksBuildPhase;
			buildActionMask = 2147483647;
			files = (
				9C1D9CEAEFB4AC3228B85CEE /* libPods-Socka Extension.a in Frameworks */,
				0ABEDDD52FC7A326DAE46456 /* Pods_Socka_Watch_Extension.framework in Frameworks */,
			);
			runOnlyForDeploymentPostprocessing = 0;
		};
		893B14691EA125FA002E8F72 /* Frameworks */ = {
			isa = PBXFrameworksBuildPhase;
			buildActionMask = 2147483647;
			files = (
				893B149F1EA12658002E8F72 /* CoreLocation.framework in Frameworks */,
			);
			runOnlyForDeploymentPostprocessing = 0;
		};
		893B147D1EA125FA002E8F72 /* Frameworks */ = {
			isa = PBXFrameworksBuildPhase;
			buildActionMask = 2147483647;
			files = (
			);
			runOnlyForDeploymentPostprocessing = 0;
		};
		893B14881EA125FA002E8F72 /* Frameworks */ = {
			isa = PBXFrameworksBuildPhase;
			buildActionMask = 2147483647;
			files = (
			);
			runOnlyForDeploymentPostprocessing = 0;
		};
		AF8A77973F516147E03DD72A /* Frameworks */ = {
			isa = PBXFrameworksBuildPhase;
			buildActionMask = 2147483647;
			files = (
			);
			runOnlyForDeploymentPostprocessing = 0;
		};
/* End PBXFrameworksBuildPhase section */

/* Begin PBXGroup section */
		738F30CEC1529587162C000C /* Pods */ = {
			isa = PBXGroup;
			children = (
				481793089E17EDB58FA103C2 /* Pods-Socka Extension.debug.xcconfig */,
				D552D31CDC65E80080E0D6C7 /* Pods-Socka Extension.release.xcconfig */,
				C30AA060E76DF00B527714D4 /* Pods-MHD APP.debug.xcconfig */,
				AC8DA6115DCA3D0E396ABD8E /* Pods-MHD APP.release.xcconfig */,
				3C99B36C6C7295AB0C7E5C10 /* Pods-Socka_Watch Extension.debug.xcconfig */,
				8586880F4FFBC4E22F169976 /* Pods-Socka_Watch Extension.release.xcconfig */,
			);
			name = Pods;
			sourceTree = "<group>";
		};
		892E47EE223D4F3600E64350 /* Socka_common */ = {
			isa = PBXGroup;
			children = (
				897BFE4D1EBA0D9C009C59F0 /* Data_pool.swift */,
				89C3838921C366DB0070E276 /* MetroDataClass.swift */,
				892E47F9223D50F100E64350 /* DataBaze.xcdatamodeld */,
				899CE12C21E1054E00F51F6D /* DataBaze.sqlite */,
				8941677D21D256F60048047E /* Lokace.swift */,
			);
			path = Socka_common;
			sourceTree = "<group>";
		};
		892F530121A0DF070058CDFC /* Socka_Watch */ = {
			isa = PBXGroup;
			children = (
				892F530221A0DF070058CDFC /* Interface.storyboard */,
				892F530521A0DF0B0058CDFC /* Assets.xcassets */,
				892F530721A0DF0B0058CDFC /* Info.plist */,
			);
			path = Socka_Watch;
			sourceTree = "<group>";
		};
		892F531021A0DF0B0058CDFC /* Socka_Watch Extension */ = {
			isa = PBXGroup;
			children = (
				892F531121A0DF0B0058CDFC /* InterfaceController.swift */,
				8941677F21D2E0270048047E /* downloadVC_W.swift */,
				899CA19C21CFC671009F9DF0 /* Lokace_W.swift */,
				899CA1A021CFC71A009F9DF0 /* Databaze_W.swift */,
				899CA19A21CFBAF9009F9DF0 /* SockaWatchBaseVC.swift */,
				892F531321A0DF0C0058CDFC /* ExtensionDelegate.swift */,
				892F531521A0DF0C0058CDFC /* NotificationController.swift */,
				892F531721A0DF0C0058CDFC /* ComplicationController.swift */,
				892F531921A0DF0C0058CDFC /* Assets.xcassets */,
				892F531B21A0DF0C0058CDFC /* Info.plist */,
				892F531C21A0DF0C0058CDFC /* PushNotificationPayload.apns */,
			);
			path = "Socka_Watch Extension";
			sourceTree = "<group>";
		};
		893B14631EA125FA002E8F72 = {
			isa = PBXGroup;
			children = (
				892E47EE223D4F3600E64350 /* Socka_common */,
				893B146E1EA125FA002E8F72 /* Socka_Phone */,
				892F530121A0DF070058CDFC /* Socka_Watch */,
				892F531021A0DF0B0058CDFC /* Socka_Watch Extension */,
				893B146D1EA125FA002E8F72 /* Products */,
				893B149D1EA12658002E8F72 /* Frameworks */,
				738F30CEC1529587162C000C /* Pods */,
			);
			sourceTree = "<group>";
		};
		893B146D1EA125FA002E8F72 /* Products */ = {
			isa = PBXGroup;
			children = (
				893B146C1EA125FA002E8F72 /* Socka.app */,
				893B14801EA125FA002E8F72 /* MHD APPTests.xctest */,
				893B148B1EA125FA002E8F72 /* MHD APPUITests.xctest */,
				892F530021A0DF070058CDFC /* Socka_Watch.app */,
				892F530C21A0DF0B0058CDFC /* Socka_Watch Extension.appex */,
			);
			name = Products;
			sourceTree = "<group>";
		};
		893B146E1EA125FA002E8F72 /* Socka_Phone */ = {
			isa = PBXGroup;
			children = (
				89C3838B21C36A9E0070E276 /* SockaBaseVC.swift */,
				8941677B21D255C50048047E /* Databaze.swift */,
				893B146F1EA125FA002E8F72 /* AppDelegate.swift */,
				8980EF5C1FA561A1003CE9E5 /* Assets.xcassets */,
				893B14711EA125FA002E8F72 /* ViewController.swift */,
				893BA9EC1EDF6CF6002B9932 /* UpgradeViewController.swift */,
				893B14731EA125FA002E8F72 /* Main.storyboard */,
				896E89FB1F85A73A007F029E /* InfoViewController.swift */,
				893B14781EA125FA002E8F72 /* LaunchScreen.storyboard */,
				893B147B1EA125FA002E8F72 /* Info.plist */,
			);
			path = Socka_Phone;
			sourceTree = "<group>";
		};
		893B149D1EA12658002E8F72 /* Frameworks */ = {
			isa = PBXGroup;
			children = (
				893B149E1EA12658002E8F72 /* CoreLocation.framework */,
				EDF70C0D0D660B48A602B755 /* libPods-Socka Extension.a */,
				9F02EAD2B0B42CE59A876949 /* libPods-MHD APP.a */,
				80205256E9D98E46D8905018 /* Pods_Socka_Phone.framework */,
				FD3F8925E211FA8CC3310143 /* Pods_Socka_Watch_Extension.framework */,
			);
			name = Frameworks;
			sourceTree = "<group>";
		};
/* End PBXGroup section */

/* Begin PBXNativeTarget section */
		892F52FF21A0DF070058CDFC /* Socka_Watch */ = {
			isa = PBXNativeTarget;
			buildConfigurationList = 892F532621A0DF0C0058CDFC /* Build configuration list for PBXNativeTarget "Socka_Watch" */;
			buildPhases = (
				892F52FE21A0DF070058CDFC /* Resources */,
				892F532521A0DF0C0058CDFC /* Embed App Extensions */,
				AF8A77973F516147E03DD72A /* Frameworks */,
			);
			buildRules = (
			);
			dependencies = (
				892F530F21A0DF0B0058CDFC /* PBXTargetDependency */,
			);
			name = Socka_Watch;
			productName = Socka;
			productReference = 892F530021A0DF070058CDFC /* Socka_Watch.app */;
			productType = "com.apple.product-type.application.watchapp2";
		};
		892F530B21A0DF0B0058CDFC /* Socka_Watch Extension */ = {
			isa = PBXNativeTarget;
			buildConfigurationList = 892F532421A0DF0C0058CDFC /* Build configuration list for PBXNativeTarget "Socka_Watch Extension" */;
			buildPhases = (
				9336DE962D3C149354046AEE /* [CP] Check Pods Manifest.lock */,
				892F530821A0DF0B0058CDFC /* Sources */,
				892F530921A0DF0B0058CDFC /* Frameworks */,
				892F530A21A0DF0B0058CDFC /* Resources */,
				F0043681BAD5F06866C92659 /* [CP] Embed Pods Frameworks */,
			);
			buildRules = (
			);
			dependencies = (
			);
			name = "Socka_Watch Extension";
			productName = "Socka Extension";
			productReference = 892F530C21A0DF0B0058CDFC /* Socka_Watch Extension.appex */;
			productType = "com.apple.product-type.watchkit2-extension";
		};
		893B146B1EA125FA002E8F72 /* Socka_Phone */ = {
			isa = PBXNativeTarget;
			buildConfigurationList = 893B14941EA125FA002E8F72 /* Build configuration list for PBXNativeTarget "Socka_Phone" */;
			buildPhases = (
				893B14681EA125FA002E8F72 /* Sources */,
				893B14691EA125FA002E8F72 /* Frameworks */,
				893B146A1EA125FA002E8F72 /* Resources */,
				89F298BC1EA27E4300AC1968 /* Embed Frameworks */,
				89F298BD1EA27E8A00AC1968 /* Copy Files */,
				89F298C31EA27F3200AC1968 /* ShellScript */,
				892F532721A0DF0C0058CDFC /* Embed Watch Content */,
			);
			buildRules = (
			);
			dependencies = (
				892F531E21A0DF0C0058CDFC /* PBXTargetDependency */,
			);
			name = Socka_Phone;
			productName = myLocation;
			productReference = 893B146C1EA125FA002E8F72 /* Socka.app */;
			productType = "com.apple.product-type.application";
		};
		893B147F1EA125FA002E8F72 /* MHD APPTests */ = {
			isa = PBXNativeTarget;
			buildConfigurationList = 893B14971EA125FA002E8F72 /* Build configuration list for PBXNativeTarget "MHD APPTests" */;
			buildPhases = (
				893B147C1EA125FA002E8F72 /* Sources */,
				893B147D1EA125FA002E8F72 /* Frameworks */,
				893B147E1EA125FA002E8F72 /* Resources */,
			);
			buildRules = (
			);
			dependencies = (
				893B14821EA125FA002E8F72 /* PBXTargetDependency */,
			);
			name = "MHD APPTests";
			productName = myLocationTests;
			productReference = 893B14801EA125FA002E8F72 /* MHD APPTests.xctest */;
			productType = "com.apple.product-type.bundle.unit-test";
		};
		893B148A1EA125FA002E8F72 /* MHD APPUITests */ = {
			isa = PBXNativeTarget;
			buildConfigurationList = 893B149A1EA125FA002E8F72 /* Build configuration list for PBXNativeTarget "MHD APPUITests" */;
			buildPhases = (
				893B14871EA125FA002E8F72 /* Sources */,
				893B14881EA125FA002E8F72 /* Frameworks */,
				893B14891EA125FA002E8F72 /* Resources */,
			);
			buildRules = (
			);
			dependencies = (
				893B148D1EA125FA002E8F72 /* PBXTargetDependency */,
			);
			name = "MHD APPUITests";
			productName = myLocationUITests;
			productReference = 893B148B1EA125FA002E8F72 /* MHD APPUITests.xctest */;
			productType = "com.apple.product-type.bundle.ui-testing";
		};
/* End PBXNativeTarget section */

/* Begin PBXProject section */
		893B14641EA125FA002E8F72 /* Project object */ = {
			isa = PBXProject;
			attributes = {
				LastSwiftUpdateCheck = 0940;
				LastUpgradeCheck = 0900;
				ORGANIZATIONNAME = Boocha;
				TargetAttributes = {
					892F52FF21A0DF070058CDFC = {
						CreatedOnToolsVersion = 9.4.1;
						DevelopmentTeam = F9SQL5NE4J;
						ProvisioningStyle = Automatic;
					};
					892F530B21A0DF0B0058CDFC = {
						CreatedOnToolsVersion = 9.4.1;
						DevelopmentTeam = F9SQL5NE4J;
						ProvisioningStyle = Automatic;
					};
					893B146B1EA125FA002E8F72 = {
						CreatedOnToolsVersion = 8.3;
						DevelopmentTeam = F9SQL5NE4J;
						LastSwiftMigration = 0900;
						ProvisioningStyle = Automatic;
					};
					893B147F1EA125FA002E8F72 = {
						CreatedOnToolsVersion = 8.3;
						LastSwiftMigration = 0900;
						ProvisioningStyle = Automatic;
						TestTargetID = 893B146B1EA125FA002E8F72;
					};
					893B148A1EA125FA002E8F72 = {
						CreatedOnToolsVersion = 8.3;
						LastSwiftMigration = 0900;
						ProvisioningStyle = Automatic;
						TestTargetID = 893B146B1EA125FA002E8F72;
					};
				};
			};
			buildConfigurationList = 893B14671EA125FA002E8F72 /* Build configuration list for PBXProject "Socka" */;
			compatibilityVersion = "Xcode 3.2";
			developmentRegion = English;
			hasScannedForEncodings = 0;
			knownRegions = (
				en,
				Base,
			);
			mainGroup = 893B14631EA125FA002E8F72;
			productRefGroup = 893B146D1EA125FA002E8F72 /* Products */;
			projectDirPath = "";
			projectRoot = "";
			targets = (
				893B146B1EA125FA002E8F72 /* Socka_Phone */,
				893B147F1EA125FA002E8F72 /* MHD APPTests */,
				893B148A1EA125FA002E8F72 /* MHD APPUITests */,
				892F52FF21A0DF070058CDFC /* Socka_Watch */,
				892F530B21A0DF0B0058CDFC /* Socka_Watch Extension */,
			);
		};
/* End PBXProject section */

/* Begin PBXResourcesBuildPhase section */
		892F52FE21A0DF070058CDFC /* Resources */ = {
			isa = PBXResourcesBuildPhase;
			buildActionMask = 2147483647;
			files = (
				892F530621A0DF0B0058CDFC /* Assets.xcassets in Resources */,
				892F530421A0DF070058CDFC /* Interface.storyboard in Resources */,
			);
			runOnlyForDeploymentPostprocessing = 0;
		};
		892F530A21A0DF0B0058CDFC /* Resources */ = {
			isa = PBXResourcesBuildPhase;
			buildActionMask = 2147483647;
			files = (
				892E47F0223D4F9000E64350 /* DataBaze.sqlite in Resources */,
				892F531A21A0DF0C0058CDFC /* Assets.xcassets in Resources */,
			);
			runOnlyForDeploymentPostprocessing = 0;
		};
		893B146A1EA125FA002E8F72 /* Resources */ = {
			isa = PBXResourcesBuildPhase;
			buildActionMask = 2147483647;
			files = (
				899CE12D21E1054E00F51F6D /* DataBaze.sqlite in Resources */,
				893B147A1EA125FA002E8F72 /* LaunchScreen.storyboard in Resources */,
				8980EF5D1FA561A2003CE9E5 /* Assets.xcassets in Resources */,
				893B14751EA125FA002E8F72 /* Main.storyboard in Resources */,
			);
			runOnlyForDeploymentPostprocessing = 0;
		};
		893B147E1EA125FA002E8F72 /* Resources */ = {
			isa = PBXResourcesBuildPhase;
			buildActionMask = 2147483647;
			files = (
			);
			runOnlyForDeploymentPostprocessing = 0;
		};
		893B14891EA125FA002E8F72 /* Resources */ = {
			isa = PBXResourcesBuildPhase;
			buildActionMask = 2147483647;
			files = (
			);
			runOnlyForDeploymentPostprocessing = 0;
		};
/* End PBXResourcesBuildPhase section */

/* Begin PBXShellScriptBuildPhase section */
		89F298C31EA27F3200AC1968 /* ShellScript */ = {
			isa = PBXShellScriptBuildPhase;
			buildActionMask = 2147483647;
			files = (
			);
			inputPaths = (
			);
			outputPaths = (
			);
			runOnlyForDeploymentPostprocessing = 0;
			shellPath = /bin/sh;
			shellScript = "";
		};
		9336DE962D3C149354046AEE /* [CP] Check Pods Manifest.lock */ = {
			isa = PBXShellScriptBuildPhase;
			buildActionMask = 2147483647;
			files = (
			);
			inputPaths = (
				"${PODS_PODFILE_DIR_PATH}/Podfile.lock",
				"${PODS_ROOT}/Manifest.lock",
			);
			name = "[CP] Check Pods Manifest.lock";
			outputPaths = (
				"$(DERIVED_FILE_DIR)/Pods-Socka_Watch Extension-checkManifestLockResult.txt",
			);
			runOnlyForDeploymentPostprocessing = 0;
			shellPath = /bin/sh;
			shellScript = "diff \"${PODS_PODFILE_DIR_PATH}/Podfile.lock\" \"${PODS_ROOT}/Manifest.lock\" > /dev/null\nif [ $? != 0 ] ; then\n    # print error to STDERR\n    echo \"error: The sandbox is not in sync with the Podfile.lock. Run 'pod install' or update your CocoaPods installation.\" >&2\n    exit 1\nfi\n# This output is used by Xcode 'outputs' to avoid re-running this script phase.\necho \"SUCCESS\" > \"${SCRIPT_OUTPUT_FILE_0}\"\n";
			showEnvVarsInLog = 0;
		};
		F0043681BAD5F06866C92659 /* [CP] Embed Pods Frameworks */ = {
			isa = PBXShellScriptBuildPhase;
			buildActionMask = 2147483647;
			files = (
			);
			inputPaths = (
				"${SRCROOT}/Pods/Target Support Files/Pods-Socka_Watch Extension/Pods-Socka_Watch Extension-frameworks.sh",
				"${BUILT_PRODUCTS_DIR}/Alamofire/Alamofire.framework",
			);
			name = "[CP] Embed Pods Frameworks";
			outputPaths = (
				"${TARGET_BUILD_DIR}/${FRAMEWORKS_FOLDER_PATH}/Alamofire.framework",
			);
			runOnlyForDeploymentPostprocessing = 0;
			shellPath = /bin/sh;
			shellScript = "\"${SRCROOT}/Pods/Target Support Files/Pods-Socka_Watch Extension/Pods-Socka_Watch Extension-frameworks.sh\"\n";
			showEnvVarsInLog = 0;
		};
/* End PBXShellScriptBuildPhase section */

/* Begin PBXSourcesBuildPhase section */
		892F530821A0DF0B0058CDFC /* Sources */ = {
			isa = PBXSourcesBuildPhase;
			buildActionMask = 2147483647;
			files = (
				89AFC21F223BDF9200D7E207 /* Databaze_W.swift in Sources */,
				892E47FC223D50F200E64350 /* DataBaze.xcdatamodeld in Sources */,
				89613A83223D52120015EF28 /* Lokace.swift in Sources */,
				89AFC220223BDF9500D7E207 /* Lokace_W.swift in Sources */,
				892F531621A0DF0C0058CDFC /* NotificationController.swift in Sources */,
				89613A84223D53740015EF28 /* Databaze.swift in Sources */,
				8941678021D2E0270048047E /* downloadVC_W.swift in Sources */,
				892E47ED223C193C00E64350 /* Data_pool.swift in Sources */,
				892F531821A0DF0C0058CDFC /* ComplicationController.swift in Sources */,
				899CA19B21CFBAF9009F9DF0 /* SockaWatchBaseVC.swift in Sources */,
				892F531421A0DF0C0058CDFC /* ExtensionDelegate.swift in Sources */,
				892F531221A0DF0B0058CDFC /* InterfaceController.swift in Sources */,
				899CA19621CFBA35009F9DF0 /* MetroDataClass.swift in Sources */,
			);
			runOnlyForDeploymentPostprocessing = 0;
		};
		893B14681EA125FA002E8F72 /* Sources */ = {
			isa = PBXSourcesBuildPhase;
			buildActionMask = 2147483647;
			files = (
				893B14721EA125FA002E8F72 /* ViewController.swift in Sources */,
				893BA9ED1EDF6CF6002B9932 /* UpgradeViewController.swift in Sources */,
				892E47FB223D50F200E64350 /* DataBaze.xcdatamodeld in Sources */,
				893B14701EA125FA002E8F72 /* AppDelegate.swift in Sources */,
				8941677E21D256F60048047E /* Lokace.swift in Sources */,
				896E89FC1F85A73A007F029E /* InfoViewController.swift in Sources */,
				89C3838A21C366DB0070E276 /* MetroDataClass.swift in Sources */,
				8941677C21D255C50048047E /* Databaze.swift in Sources */,
				89C3838C21C36A9E0070E276 /* SockaBaseVC.swift in Sources */,
				897BFE4E1EBA0D9C009C59F0 /* Data_pool.swift in Sources */,
			);
			runOnlyForDeploymentPostprocessing = 0;
		};
		893B147C1EA125FA002E8F72 /* Sources */ = {
			isa = PBXSourcesBuildPhase;
			buildActionMask = 2147483647;
			files = (
			);
			runOnlyForDeploymentPostprocessing = 0;
		};
		893B14871EA125FA002E8F72 /* Sources */ = {
			isa = PBXSourcesBuildPhase;
			buildActionMask = 2147483647;
			files = (
			);
			runOnlyForDeploymentPostprocessing = 0;
		};
/* End PBXSourcesBuildPhase section */

/* Begin PBXTargetDependency section */
		892F530F21A0DF0B0058CDFC /* PBXTargetDependency */ = {
			isa = PBXTargetDependency;
			target = 892F530B21A0DF0B0058CDFC /* Socka_Watch Extension */;
			targetProxy = 892F530E21A0DF0B0058CDFC /* PBXContainerItemProxy */;
		};
		892F531E21A0DF0C0058CDFC /* PBXTargetDependency */ = {
			isa = PBXTargetDependency;
			target = 892F52FF21A0DF070058CDFC /* Socka_Watch */;
			targetProxy = 892F531D21A0DF0C0058CDFC /* PBXContainerItemProxy */;
		};
		893B14821EA125FA002E8F72 /* PBXTargetDependency */ = {
			isa = PBXTargetDependency;
			target = 893B146B1EA125FA002E8F72 /* Socka_Phone */;
			targetProxy = 893B14811EA125FA002E8F72 /* PBXContainerItemProxy */;
		};
		893B148D1EA125FA002E8F72 /* PBXTargetDependency */ = {
			isa = PBXTargetDependency;
			target = 893B146B1EA125FA002E8F72 /* Socka_Phone */;
			targetProxy = 893B148C1EA125FA002E8F72 /* PBXContainerItemProxy */;
		};
/* End PBXTargetDependency section */

/* Begin PBXVariantGroup section */
		892F530221A0DF070058CDFC /* Interface.storyboard */ = {
			isa = PBXVariantGroup;
			children = (
				892F530321A0DF070058CDFC /* Base */,
			);
			name = Interface.storyboard;
			sourceTree = "<group>";
		};
		893B14731EA125FA002E8F72 /* Main.storyboard */ = {
			isa = PBXVariantGroup;
			children = (
				893B14741EA125FA002E8F72 /* Base */,
			);
			name = Main.storyboard;
			sourceTree = "<group>";
		};
		893B14781EA125FA002E8F72 /* LaunchScreen.storyboard */ = {
			isa = PBXVariantGroup;
			children = (
				893B14791EA125FA002E8F72 /* Base */,
			);
			name = LaunchScreen.storyboard;
			sourceTree = "<group>";
		};
/* End PBXVariantGroup section */

/* Begin XCBuildConfiguration section */
		892F532021A0DF0C0058CDFC /* Debug */ = {
			isa = XCBuildConfiguration;
			buildSettings = {
				ALWAYS_EMBED_SWIFT_STANDARD_LIBRARIES = NO;
				ASSETCATALOG_COMPILER_APPICON_NAME = AppIcon;
				CLANG_CXX_LANGUAGE_STANDARD = "gnu++14";
				CLANG_ENABLE_OBJC_WEAK = YES;
				CLANG_WARN_DEPRECATED_OBJC_IMPLEMENTATIONS = YES;
				CLANG_WARN_OBJC_IMPLICIT_RETAIN_SELF = YES;
				CLANG_WARN_UNGUARDED_AVAILABILITY = YES_AGGRESSIVE;
				CODE_SIGN_STYLE = Automatic;
				DEVELOPMENT_TEAM = F9SQL5NE4J;
				GCC_C_LANGUAGE_STANDARD = gnu11;
				IBSC_MODULE = Socka_Extension;
				INFOPLIST_FILE = "$(SRCROOT)/Socka_Watch/Info.plist";
				PRODUCT_BUNDLE_IDENTIFIER = "dont-have.Socka.watchkitapp";
				PRODUCT_NAME = "$(TARGET_NAME)";
				SDKROOT = watchos;
				SKIP_INSTALL = YES;
				SWIFT_VERSION = 4.0;
				TARGETED_DEVICE_FAMILY = 4;
				WATCHOS_DEPLOYMENT_TARGET = 4.3;
			};
			name = Debug;
		};
		892F532121A0DF0C0058CDFC /* Release */ = {
			isa = XCBuildConfiguration;
			buildSettings = {
				ALWAYS_EMBED_SWIFT_STANDARD_LIBRARIES = NO;
				ASSETCATALOG_COMPILER_APPICON_NAME = AppIcon;
				CLANG_CXX_LANGUAGE_STANDARD = "gnu++14";
				CLANG_ENABLE_OBJC_WEAK = YES;
				CLANG_WARN_DEPRECATED_OBJC_IMPLEMENTATIONS = YES;
				CLANG_WARN_OBJC_IMPLICIT_RETAIN_SELF = YES;
				CLANG_WARN_UNGUARDED_AVAILABILITY = YES_AGGRESSIVE;
				CODE_SIGN_STYLE = Automatic;
				DEVELOPMENT_TEAM = F9SQL5NE4J;
				GCC_C_LANGUAGE_STANDARD = gnu11;
				IBSC_MODULE = Socka_Extension;
				INFOPLIST_FILE = "$(SRCROOT)/Socka_Watch/Info.plist";
				PRODUCT_BUNDLE_IDENTIFIER = "dont-have.Socka.watchkitapp";
				PRODUCT_NAME = "$(TARGET_NAME)";
				SDKROOT = watchos;
				SKIP_INSTALL = YES;
				SWIFT_VERSION = 4.0;
				TARGETED_DEVICE_FAMILY = 4;
				WATCHOS_DEPLOYMENT_TARGET = 4.3;
			};
			name = Release;
		};
		892F532221A0DF0C0058CDFC /* Debug */ = {
			isa = XCBuildConfiguration;
			baseConfigurationReference = 3C99B36C6C7295AB0C7E5C10 /* Pods-Socka_Watch Extension.debug.xcconfig */;
			buildSettings = {
				ASSETCATALOG_COMPILER_COMPLICATION_NAME = Complication;
				CLANG_CXX_LANGUAGE_STANDARD = "gnu++14";
				CLANG_ENABLE_OBJC_WEAK = YES;
				CLANG_WARN_DEPRECATED_OBJC_IMPLEMENTATIONS = YES;
				CLANG_WARN_OBJC_IMPLICIT_RETAIN_SELF = YES;
				CLANG_WARN_UNGUARDED_AVAILABILITY = YES_AGGRESSIVE;
				CODE_SIGN_STYLE = Automatic;
				DEVELOPMENT_TEAM = F9SQL5NE4J;
				GCC_C_LANGUAGE_STANDARD = gnu11;
				INFOPLIST_FILE = "$(SRCROOT)/Socka_Watch Extension/Info.plist";
				LD_RUNPATH_SEARCH_PATHS = "$(inherited) @executable_path/Frameworks @executable_path/../../Frameworks";
				PRODUCT_BUNDLE_IDENTIFIER = "dont-have.Socka.watchkitapp.watchkitextension";
				PRODUCT_NAME = "${TARGET_NAME}";
				SDKROOT = watchos;
				SKIP_INSTALL = YES;
				SWIFT_VERSION = 4.0;
				TARGETED_DEVICE_FAMILY = 4;
				WATCHOS_DEPLOYMENT_TARGET = 4.3;
			};
			name = Debug;
		};
		892F532321A0DF0C0058CDFC /* Release */ = {
			isa = XCBuildConfiguration;
			baseConfigurationReference = 8586880F4FFBC4E22F169976 /* Pods-Socka_Watch Extension.release.xcconfig */;
			buildSettings = {
				ASSETCATALOG_COMPILER_COMPLICATION_NAME = Complication;
				CLANG_CXX_LANGUAGE_STANDARD = "gnu++14";
				CLANG_ENABLE_OBJC_WEAK = YES;
				CLANG_WARN_DEPRECATED_OBJC_IMPLEMENTATIONS = YES;
				CLANG_WARN_OBJC_IMPLICIT_RETAIN_SELF = YES;
				CLANG_WARN_UNGUARDED_AVAILABILITY = YES_AGGRESSIVE;
				CODE_SIGN_STYLE = Automatic;
				DEVELOPMENT_TEAM = F9SQL5NE4J;
				GCC_C_LANGUAGE_STANDARD = gnu11;
				INFOPLIST_FILE = "$(SRCROOT)/Socka_Watch Extension/Info.plist";
				LD_RUNPATH_SEARCH_PATHS = "$(inherited) @executable_path/Frameworks @executable_path/../../Frameworks";
				PRODUCT_BUNDLE_IDENTIFIER = "dont-have.Socka.watchkitapp.watchkitextension";
				PRODUCT_NAME = "${TARGET_NAME}";
				SDKROOT = watchos;
				SKIP_INSTALL = YES;
				SWIFT_VERSION = 4.0;
				TARGETED_DEVICE_FAMILY = 4;
				WATCHOS_DEPLOYMENT_TARGET = 4.3;
			};
			name = Release;
		};
		893B14921EA125FA002E8F72 /* Debug */ = {
			isa = XCBuildConfiguration;
			buildSettings = {
				ALWAYS_SEARCH_USER_PATHS = NO;
				CLANG_ANALYZER_NONNULL = YES;
				CLANG_ANALYZER_NUMBER_OBJECT_CONVERSION = YES_AGGRESSIVE;
				CLANG_CXX_LANGUAGE_STANDARD = "gnu++0x";
				CLANG_CXX_LIBRARY = "libc++";
				CLANG_ENABLE_MODULES = YES;
				CLANG_ENABLE_OBJC_ARC = YES;
				CLANG_WARN_BLOCK_CAPTURE_AUTORELEASING = YES;
				CLANG_WARN_BOOL_CONVERSION = YES;
				CLANG_WARN_COMMA = YES;
				CLANG_WARN_CONSTANT_CONVERSION = YES;
				CLANG_WARN_DIRECT_OBJC_ISA_USAGE = YES_ERROR;
				CLANG_WARN_DOCUMENTATION_COMMENTS = YES;
				CLANG_WARN_EMPTY_BODY = YES;
				CLANG_WARN_ENUM_CONVERSION = YES;
				CLANG_WARN_INFINITE_RECURSION = YES;
				CLANG_WARN_INT_CONVERSION = YES;
				CLANG_WARN_NON_LITERAL_NULL_CONVERSION = YES;
				CLANG_WARN_OBJC_LITERAL_CONVERSION = YES;
				CLANG_WARN_OBJC_ROOT_CLASS = YES_ERROR;
				CLANG_WARN_RANGE_LOOP_ANALYSIS = YES;
				CLANG_WARN_STRICT_PROTOTYPES = YES;
				CLANG_WARN_SUSPICIOUS_MOVE = YES;
				CLANG_WARN_UNREACHABLE_CODE = YES;
				CLANG_WARN__DUPLICATE_METHOD_MATCH = YES;
				"CODE_SIGN_IDENTITY[sdk=iphoneos*]" = "iPhone Developer";
				COPY_PHASE_STRIP = NO;
				DEBUG_INFORMATION_FORMAT = dwarf;
				ENABLE_STRICT_OBJC_MSGSEND = YES;
				ENABLE_TESTABILITY = YES;
				GCC_C_LANGUAGE_STANDARD = gnu99;
				GCC_DYNAMIC_NO_PIC = NO;
				GCC_NO_COMMON_BLOCKS = YES;
				GCC_OPTIMIZATION_LEVEL = 0;
				GCC_PREPROCESSOR_DEFINITIONS = (
					"DEBUG=1",
					"$(inherited)",
				);
				GCC_WARN_64_TO_32_BIT_CONVERSION = YES;
				GCC_WARN_ABOUT_RETURN_TYPE = YES_ERROR;
				GCC_WARN_UNDECLARED_SELECTOR = YES;
				GCC_WARN_UNINITIALIZED_AUTOS = YES_AGGRESSIVE;
				GCC_WARN_UNUSED_FUNCTION = YES;
				GCC_WARN_UNUSED_VARIABLE = YES;
				IPHONEOS_DEPLOYMENT_TARGET = 10.3;
				MTL_ENABLE_DEBUG_INFO = YES;
				ONLY_ACTIVE_ARCH = YES;
				SDKROOT = iphoneos;
				SWIFT_ACTIVE_COMPILATION_CONDITIONS = DEBUG;
				SWIFT_OPTIMIZATION_LEVEL = "-Onone";
				TARGETED_DEVICE_FAMILY = "1,2";
			};
			name = Debug;
		};
		893B14931EA125FA002E8F72 /* Release */ = {
			isa = XCBuildConfiguration;
			buildSettings = {
				ALWAYS_SEARCH_USER_PATHS = NO;
				CLANG_ANALYZER_NONNULL = YES;
				CLANG_ANALYZER_NUMBER_OBJECT_CONVERSION = YES_AGGRESSIVE;
				CLANG_CXX_LANGUAGE_STANDARD = "gnu++0x";
				CLANG_CXX_LIBRARY = "libc++";
				CLANG_ENABLE_MODULES = YES;
				CLANG_ENABLE_OBJC_ARC = YES;
				CLANG_WARN_BLOCK_CAPTURE_AUTORELEASING = YES;
				CLANG_WARN_BOOL_CONVERSION = YES;
				CLANG_WARN_COMMA = YES;
				CLANG_WARN_CONSTANT_CONVERSION = YES;
				CLANG_WARN_DIRECT_OBJC_ISA_USAGE = YES_ERROR;
				CLANG_WARN_DOCUMENTATION_COMMENTS = YES;
				CLANG_WARN_EMPTY_BODY = YES;
				CLANG_WARN_ENUM_CONVERSION = YES;
				CLANG_WARN_INFINITE_RECURSION = YES;
				CLANG_WARN_INT_CONVERSION = YES;
				CLANG_WARN_NON_LITERAL_NULL_CONVERSION = YES;
				CLANG_WARN_OBJC_LITERAL_CONVERSION = YES;
				CLANG_WARN_OBJC_ROOT_CLASS = YES_ERROR;
				CLANG_WARN_RANGE_LOOP_ANALYSIS = YES;
				CLANG_WARN_STRICT_PROTOTYPES = YES;
				CLANG_WARN_SUSPICIOUS_MOVE = YES;
				CLANG_WARN_UNREACHABLE_CODE = YES;
				CLANG_WARN__DUPLICATE_METHOD_MATCH = YES;
				"CODE_SIGN_IDENTITY[sdk=iphoneos*]" = "iPhone Developer";
				COPY_PHASE_STRIP = NO;
				DEBUG_INFORMATION_FORMAT = "dwarf-with-dsym";
				ENABLE_NS_ASSERTIONS = NO;
				ENABLE_STRICT_OBJC_MSGSEND = YES;
				GCC_C_LANGUAGE_STANDARD = gnu99;
				GCC_NO_COMMON_BLOCKS = YES;
				GCC_WARN_64_TO_32_BIT_CONVERSION = YES;
				GCC_WARN_ABOUT_RETURN_TYPE = YES_ERROR;
				GCC_WARN_UNDECLARED_SELECTOR = YES;
				GCC_WARN_UNINITIALIZED_AUTOS = YES_AGGRESSIVE;
				GCC_WARN_UNUSED_FUNCTION = YES;
				GCC_WARN_UNUSED_VARIABLE = YES;
				IPHONEOS_DEPLOYMENT_TARGET = 10.3;
				MTL_ENABLE_DEBUG_INFO = NO;
				SDKROOT = iphoneos;
				SWIFT_OPTIMIZATION_LEVEL = "-Owholemodule";
				TARGETED_DEVICE_FAMILY = "1,2";
				VALIDATE_PRODUCT = YES;
			};
			name = Release;
		};
		893B14951EA125FA002E8F72 /* Debug */ = {
			isa = XCBuildConfiguration;
			buildSettings = {
				ASSETCATALOG_COMPILER_APPICON_NAME = AppIcon;
				DEVELOPMENT_TEAM = F9SQL5NE4J;
				FRAMEWORK_SEARCH_PATHS = (
					"$(inherited)",
					"$(PROJECT_DIR)",
					"$(PROJECT_DIR)/Carthage/Build/iOS",
				);
				INFOPLIST_FILE = "$(SRCROOT)/Socka_Phone/Info.plist";
				LD_RUNPATH_SEARCH_PATHS = "$(inherited) @executable_path/Frameworks";
				PRODUCT_BUNDLE_IDENTIFIER = "dont-have.Socka";
				PRODUCT_NAME = Socka;
				SWIFT_SWIFT3_OBJC_INFERENCE = Default;
				SWIFT_VERSION = 4.0;
				TARGETED_DEVICE_FAMILY = 1;
			};
			name = Debug;
		};
		893B14961EA125FA002E8F72 /* Release */ = {
			isa = XCBuildConfiguration;
			buildSettings = {
				ASSETCATALOG_COMPILER_APPICON_NAME = AppIcon;
				DEVELOPMENT_TEAM = F9SQL5NE4J;
				FRAMEWORK_SEARCH_PATHS = (
					"$(inherited)",
					"$(PROJECT_DIR)",
					"$(PROJECT_DIR)/Carthage/Build/iOS",
				);
				INFOPLIST_FILE = "$(SRCROOT)/Socka_Phone/Info.plist";
				LD_RUNPATH_SEARCH_PATHS = "$(inherited) @executable_path/Frameworks";
				PRODUCT_BUNDLE_IDENTIFIER = "dont-have.Socka";
				PRODUCT_NAME = Socka;
				SWIFT_SWIFT3_OBJC_INFERENCE = Default;
				SWIFT_VERSION = 4.0;
				TARGETED_DEVICE_FAMILY = 1;
			};
			name = Release;
		};
		893B14981EA125FA002E8F72 /* Debug */ = {
			isa = XCBuildConfiguration;
			buildSettings = {
				ALWAYS_EMBED_SWIFT_STANDARD_LIBRARIES = YES;
				BUNDLE_LOADER = "$(TEST_HOST)";
				INFOPLIST_FILE = myLocationTests/Info.plist;
				LD_RUNPATH_SEARCH_PATHS = "$(inherited) @executable_path/Frameworks @loader_path/Frameworks";
				PRODUCT_BUNDLE_IDENTIFIER = "dont-have.myLocationTests";
				PRODUCT_NAME = "$(TARGET_NAME)";
				SWIFT_SWIFT3_OBJC_INFERENCE = On;
				SWIFT_VERSION = 4.0;
				TEST_HOST = "$(BUILT_PRODUCTS_DIR)/MHD APP.app/MHD APP";
			};
			name = Debug;
		};
		893B14991EA125FA002E8F72 /* Release */ = {
			isa = XCBuildConfiguration;
			buildSettings = {
				ALWAYS_EMBED_SWIFT_STANDARD_LIBRARIES = YES;
				BUNDLE_LOADER = "$(TEST_HOST)";
				INFOPLIST_FILE = myLocationTests/Info.plist;
				LD_RUNPATH_SEARCH_PATHS = "$(inherited) @executable_path/Frameworks @loader_path/Frameworks";
				PRODUCT_BUNDLE_IDENTIFIER = "dont-have.myLocationTests";
				PRODUCT_NAME = "$(TARGET_NAME)";
				SWIFT_SWIFT3_OBJC_INFERENCE = On;
				SWIFT_VERSION = 4.0;
				TEST_HOST = "$(BUILT_PRODUCTS_DIR)/MHD APP.app/MHD APP";
			};
			name = Release;
		};
		893B149B1EA125FA002E8F72 /* Debug */ = {
			isa = XCBuildConfiguration;
			buildSettings = {
				ALWAYS_EMBED_SWIFT_STANDARD_LIBRARIES = YES;
				INFOPLIST_FILE = myLocationUITests/Info.plist;
				LD_RUNPATH_SEARCH_PATHS = "$(inherited) @executable_path/Frameworks @loader_path/Frameworks";
				PRODUCT_BUNDLE_IDENTIFIER = "dont-have.myLocationUITests";
				PRODUCT_NAME = "$(TARGET_NAME)";
				SWIFT_SWIFT3_OBJC_INFERENCE = On;
				SWIFT_VERSION = 4.0;
				TEST_TARGET_NAME = myLocation;
			};
			name = Debug;
		};
		893B149C1EA125FA002E8F72 /* Release */ = {
			isa = XCBuildConfiguration;
			buildSettings = {
				ALWAYS_EMBED_SWIFT_STANDARD_LIBRARIES = YES;
				INFOPLIST_FILE = myLocationUITests/Info.plist;
				LD_RUNPATH_SEARCH_PATHS = "$(inherited) @executable_path/Frameworks @loader_path/Frameworks";
				PRODUCT_BUNDLE_IDENTIFIER = "dont-have.myLocationUITests";
				PRODUCT_NAME = "$(TARGET_NAME)";
				SWIFT_SWIFT3_OBJC_INFERENCE = On;
				SWIFT_VERSION = 4.0;
				TEST_TARGET_NAME = myLocation;
			};
			name = Release;
		};
/* End XCBuildConfiguration section */

/* Begin XCConfigurationList section */
		892F532421A0DF0C0058CDFC /* Build configuration list for PBXNativeTarget "Socka_Watch Extension" */ = {
			isa = XCConfigurationList;
			buildConfigurations = (
				892F532221A0DF0C0058CDFC /* Debug */,
				892F532321A0DF0C0058CDFC /* Release */,
			);
			defaultConfigurationIsVisible = 0;
			defaultConfigurationName = Release;
		};
		892F532621A0DF0C0058CDFC /* Build configuration list for PBXNativeTarget "Socka_Watch" */ = {
			isa = XCConfigurationList;
			buildConfigurations = (
				892F532021A0DF0C0058CDFC /* Debug */,
				892F532121A0DF0C0058CDFC /* Release */,
			);
			defaultConfigurationIsVisible = 0;
			defaultConfigurationName = Release;
		};
		893B14671EA125FA002E8F72 /* Build configuration list for PBXProject "Socka" */ = {
			isa = XCConfigurationList;
			buildConfigurations = (
				893B14921EA125FA002E8F72 /* Debug */,
				893B14931EA125FA002E8F72 /* Release */,
			);
			defaultConfigurationIsVisible = 0;
			defaultConfigurationName = Release;
		};
		893B14941EA125FA002E8F72 /* Build configuration list for PBXNativeTarget "Socka_Phone" */ = {
			isa = XCConfigurationList;
			buildConfigurations = (
				893B14951EA125FA002E8F72 /* Debug */,
				893B14961EA125FA002E8F72 /* Release */,
			);
			defaultConfigurationIsVisible = 0;
			defaultConfigurationName = Release;
		};
		893B14971EA125FA002E8F72 /* Build configuration list for PBXNativeTarget "MHD APPTests" */ = {
			isa = XCConfigurationList;
			buildConfigurations = (
				893B14981EA125FA002E8F72 /* Debug */,
				893B14991EA125FA002E8F72 /* Release */,
			);
			defaultConfigurationIsVisible = 0;
			defaultConfigurationName = Release;
		};
		893B149A1EA125FA002E8F72 /* Build configuration list for PBXNativeTarget "MHD APPUITests" */ = {
			isa = XCConfigurationList;
			buildConfigurations = (
				893B149B1EA125FA002E8F72 /* Debug */,
				893B149C1EA125FA002E8F72 /* Release */,
			);
			defaultConfigurationIsVisible = 0;
			defaultConfigurationName = Release;
		};
/* End XCConfigurationList section */

/* Begin XCVersionGroup section */
		892E47F9223D50F100E64350 /* DataBaze.xcdatamodeld */ = {
			isa = XCVersionGroup;
			children = (
				892E47FA223D50F100E64350 /* DataFinal280417.xcdatamodel */,
			);
			currentVersion = 892E47FA223D50F100E64350 /* DataFinal280417.xcdatamodel */;
			path = DataBaze.xcdatamodeld;
			sourceTree = "<group>";
			versionGroupType = wrapper.xcdatamodel;
		};
/* End XCVersionGroup section */
	};
	rootObject = 893B14641EA125FA002E8F72 /* Project object */;
}
